
Microsoft Visual Studio Solution File, Format Version 12.00
# Visual Studio Version 16
VisualStudioVersion = 16.0.31515.178
MinimumVisualStudioVersion = 10.0.40219.1
Project("{FAE04EC0-301F-11D3-BF4B-00C04F79EFBC}") = "noppapeli", "noppapeli\noppapeli.csproj", "{6DBFCE37-64C9-42EA-BA05-6313E5EAEAB1}"
EndProject
Global
	GlobalSection(SolutionConfigurationPlatforms) = preSolution
		Debug|Any CPU = Debug|Any CPU
		Release|Any CPU = Release|Any CPU
	EndGlobalSection
	GlobalSection(ProjectConfigurationPlatforms) = postSolution
		{6DBFCE37-64C9-42EA-BA05-6313E5EAEAB1}.Debug|Any CPU.ActiveCfg = Debug|Any CPU
		{6DBFCE37-64C9-42EA-BA05-6313E5EAEAB1}.Debug|Any CPU.Build.0 = Debug|Any CPU
		{6DBFCE37-64C9-42EA-BA05-6313E5EAEAB1}.Release|Any CPU.ActiveCfg = Release|Any CPU
		{6DBFCE37-64C9-42EA-BA05-6313E5EAEAB1}.Release|Any CPU.Build.0 = Release|Any CPU
	EndGlobalSection
	GlobalSection(SolutionProperties) = preSolution
		HideSolutionNode = FALSE
	EndGlobalSection
	GlobalSection(ExtensibilityGlobals) = postSolution
		SolutionGuid = {918A48B3-51BF-400F-B17B-2FCEB89588D7}
	EndGlobalSection
EndGlobal
